// !$*UTF8*$!
{
	archiveVersion = 1;
	classes = {
	};
	objectVersion = 46;
	objects = {

/* Begin PBXBuildFile section */
		A73F1BD41C61696900CC42D8 /* main.m in Sources */ = {isa = PBXBuildFile; fileRef = A73F1BD31C61696900CC42D8 /* main.m */; };
		A73F1BD71C61696900CC42D8 /* AppDelegate.m in Sources */ = {isa = PBXBuildFile; fileRef = A73F1BD61C61696900CC42D8 /* AppDelegate.m */; };
		A73F1BDA1C61696900CC42D8 /* ViewController.m in Sources */ = {isa = PBXBuildFile; fileRef = A73F1BD91C61696900CC42D8 /* ViewController.m */; };
		A73F1BDD1C61696900CC42D8 /* Main.storyboard in Resources */ = {isa = PBXBuildFile; fileRef = A73F1BDB1C61696900CC42D8 /* Main.storyboard */; };
		A73F1BDF1C61696900CC42D8 /* Assets.xcassets in Resources */ = {isa = PBXBuildFile; fileRef = A73F1BDE1C61696900CC42D8 /* Assets.xcassets */; };
		A73F1BE21C61696900CC42D8 /* LaunchScreen.storyboard in Resources */ = {isa = PBXBuildFile; fileRef = A73F1BE01C61696900CC42D8 /* LaunchScreen.storyboard */; };
		A73F1BED1C61696900CC42D8 /* AlcolatorTests.m in Sources */ = {isa = PBXBuildFile; fileRef = A73F1BEC1C61696900CC42D8 /* AlcolatorTests.m */; };
		A73F1BF81C61696900CC42D8 /* AlcolatorUITests.m in Sources */ = {isa = PBXBuildFile; fileRef = A73F1BF71C61696900CC42D8 /* AlcolatorUITests.m */; };
		A75B62381C62E890000D474B /* WhiskeyViewController.m in Sources */ = {isa = PBXBuildFile; fileRef = A75B62371C62E890000D474B /* WhiskeyViewController.m */; };
		A75B623B1C63C11A000D474B /* MainMenuViewController.m in Sources */ = {isa = PBXBuildFile; fileRef = A75B623A1C63C11A000D474B /* MainMenuViewController.m */; };
/* End PBXBuildFile section */

/* Begin PBXContainerItemProxy section */
		A73F1BE91C61696900CC42D8 /* PBXContainerItemProxy */ = {
			isa = PBXContainerItemProxy;
			containerPortal = A73F1BC71C61696900CC42D8 /* Project object */;
			proxyType = 1;
			remoteGlobalIDString = A73F1BCE1C61696900CC42D8;
			remoteInfo = Alcolator;
		};
		A73F1BF41C61696900CC42D8 /* PBXContainerItemProxy */ = {
			isa = PBXContainerItemProxy;
			containerPortal = A73F1BC71C61696900CC42D8 /* Project object */;
			proxyType = 1;
			remoteGlobalIDString = A73F1BCE1C61696900CC42D8;
			remoteInfo = Alcolator;
		};
/* End PBXContainerItemProxy section */

/* Begin PBXFileReference section */
		A73F1BCF1C61696900CC42D8 /* Alcolator.app */ = {isa = PBXFileReference; explicitFileType = wrapper.application; includeInIndex = 0; path = Alcolator.app; sourceTree = BUILT_PRODUCTS_DIR; };
		A73F1BD31C61696900CC42D8 /* main.m */ = {isa = PBXFileReference; lastKnownFileType = sourcecode.c.objc; path = main.m; sourceTree = "<group>"; };
		A73F1BD51C61696900CC42D8 /* AppDelegate.h */ = {isa = PBXFileReference; lastKnownFileType = sourcecode.c.h; path = AppDelegate.h; sourceTree = "<group>"; };
		A73F1BD61C61696900CC42D8 /* AppDelegate.m */ = {isa = PBXFileReference; lastKnownFileType = sourcecode.c.objc; path = AppDelegate.m; sourceTree = "<group>"; };
		A73F1BD81C61696900CC42D8 /* ViewController.h */ = {isa = PBXFileReference; lastKnownFileType = sourcecode.c.h; path = ViewController.h; sourceTree = "<group>"; };
		A73F1BD91C61696900CC42D8 /* ViewController.m */ = {isa = PBXFileReference; lastKnownFileType = sourcecode.c.objc; path = ViewController.m; sourceTree = "<group>"; };
		A73F1BDC1C61696900CC42D8 /* Base */ = {isa = PBXFileReference; lastKnownFileType = file.storyboard; name = Base; path = Base.lproj/Main.storyboard; sourceTree = "<group>"; };
		A73F1BDE1C61696900CC42D8 /* Assets.xcassets */ = {isa = PBXFileReference; lastKnownFileType = folder.assetcatalog; path = Assets.xcassets; sourceTree = "<group>"; };
		A73F1BE11C61696900CC42D8 /* Base */ = {isa = PBXFileReference; lastKnownFileType = file.storyboard; name = Base; path = Base.lproj/LaunchScreen.storyboard; sourceTree = "<group>"; };
		A73F1BE31C61696900CC42D8 /* Info.plist */ = {isa = PBXFileReference; lastKnownFileType = text.plist.xml; path = Info.plist; sourceTree = "<group>"; };
		A73F1BE81C61696900CC42D8 /* AlcolatorTests.xctest */ = {isa = PBXFileReference; explicitFileType = wrapper.cfbundle; includeInIndex = 0; path = AlcolatorTests.xctest; sourceTree = BUILT_PRODUCTS_DIR; };
		A73F1BEC1C61696900CC42D8 /* AlcolatorTests.m */ = {isa = PBXFileReference; lastKnownFileType = sourcecode.c.objc; path = AlcolatorTests.m; sourceTree = "<group>"; };
		A73F1BEE1C61696900CC42D8 /* Info.plist */ = {isa = PBXFileReference; lastKnownFileType = text.plist.xml; path = Info.plist; sourceTree = "<group>"; };
		A73F1BF31C61696900CC42D8 /* AlcolatorUITests.xctest */ = {isa = PBXFileReference; explicitFileType = wrapper.cfbundle; includeInIndex = 0; path = AlcolatorUITests.xctest; sourceTree = BUILT_PRODUCTS_DIR; };
		A73F1BF71C61696900CC42D8 /* AlcolatorUITests.m */ = {isa = PBXFileReference; lastKnownFileType = sourcecode.c.objc; path = AlcolatorUITests.m; sourceTree = "<group>"; };
		A73F1BF91C61696900CC42D8 /* Info.plist */ = {isa = PBXFileReference; lastKnownFileType = text.plist.xml; path = Info.plist; sourceTree = "<group>"; };
		A75B62361C62E890000D474B /* WhiskeyViewController.h */ = {isa = PBXFileReference; fileEncoding = 4; lastKnownFileType = sourcecode.c.h; path = WhiskeyViewController.h; sourceTree = "<group>"; };
		A75B62371C62E890000D474B /* WhiskeyViewController.m */ = {isa = PBXFileReference; fileEncoding = 4; lastKnownFileType = sourcecode.c.objc; path = WhiskeyViewController.m; sourceTree = "<group>"; };
		A75B62391C63C11A000D474B /* MainMenuViewController.h */ = {isa = PBXFileReference; fileEncoding = 4; lastKnownFileType = sourcecode.c.h; path = MainMenuViewController.h; sourceTree = "<group>"; };
		A75B623A1C63C11A000D474B /* MainMenuViewController.m */ = {isa = PBXFileReference; fileEncoding = 4; lastKnownFileType = sourcecode.c.objc; path = MainMenuViewController.m; sourceTree = "<group>"; };
/* End PBXFileReference section */

/* Begin PBXFrameworksBuildPhase section */
		A73F1BCC1C61696900CC42D8 /* Frameworks */ = {
			isa = PBXFrameworksBuildPhase;
			buildActionMask = 2147483647;
			files = (
			);
			runOnlyForDeploymentPostprocessing = 0;
		};
		A73F1BE51C61696900CC42D8 /* Frameworks */ = {
			isa = PBXFrameworksBuildPhase;
			buildActionMask = 2147483647;
			files = (
			);
			runOnlyForDeploymentPostprocessing = 0;
		};
		A73F1BF01C61696900CC42D8 /* Frameworks */ = {
			isa = PBXFrameworksBuildPhase;
			buildActionMask = 2147483647;
			files = (
			);
			runOnlyForDeploymentPostprocessing = 0;
		};
/* End PBXFrameworksBuildPhase section */

/* Begin PBXGroup section */
		A73F1BC61C61696900CC42D8 = {
			isa = PBXGroup;
			children = (
				A73F1BD11C61696900CC42D8 /* Alcolator */,
				A73F1BEB1C61696900CC42D8 /* AlcolatorTests */,
				A73F1BF61C61696900CC42D8 /* AlcolatorUITests */,
				A73F1BD01C61696900CC42D8 /* Products */,
			);
			sourceTree = "<group>";
		};
		A73F1BD01C61696900CC42D8 /* Products */ = {
			isa = PBXGroup;
			children = (
				A73F1BCF1C61696900CC42D8 /* Alcolator.app */,
				A73F1BE81C61696900CC42D8 /* AlcolatorTests.xctest */,
				A73F1BF31C61696900CC42D8 /* AlcolatorUITests.xctest */,
			);
			name = Products;
			sourceTree = "<group>";
		};
		A73F1BD11C61696900CC42D8 /* Alcolator */ = {
			isa = PBXGroup;
			children = (
				A73F1BD51C61696900CC42D8 /* AppDelegate.h */,
				A73F1BD61C61696900CC42D8 /* AppDelegate.m */,
				A73F1BD81C61696900CC42D8 /* ViewController.h */,
				A73F1BD91C61696900CC42D8 /* ViewController.m */,
				A75B62391C63C11A000D474B /* MainMenuViewController.h */,
				A75B623A1C63C11A000D474B /* MainMenuViewController.m */,
				A75B62361C62E890000D474B /* WhiskeyViewController.h */,
				A75B62371C62E890000D474B /* WhiskeyViewController.m */,
				A73F1BDB1C61696900CC42D8 /* Main.storyboard */,
				A73F1BDE1C61696900CC42D8 /* Assets.xcassets */,
				A73F1BE01C61696900CC42D8 /* LaunchScreen.storyboard */,
				A73F1BE31C61696900CC42D8 /* Info.plist */,
				A73F1BD21C61696900CC42D8 /* Supporting Files */,
			);
			path = Alcolator;
			sourceTree = "<group>";
		};
		A73F1BD21C61696900CC42D8 /* Supporting Files */ = {
			isa = PBXGroup;
			children = (
				A73F1BD31C61696900CC42D8 /* main.m */,
			);
			name = "Supporting Files";
			sourceTree = "<group>";
		};
		A73F1BEB1C61696900CC42D8 /* AlcolatorTests */ = {
			isa = PBXGroup;
			children = (
				A73F1BEC1C61696900CC42D8 /* AlcolatorTests.m */,
				A73F1BEE1C61696900CC42D8 /* Info.plist */,
			);
			path = AlcolatorTests;
			sourceTree = "<group>";
		};
		A73F1BF61C61696900CC42D8 /* AlcolatorUITests */ = {
			isa = PBXGroup;
			children = (
				A73F1BF71C61696900CC42D8 /* AlcolatorUITests.m */,
				A73F1BF91C61696900CC42D8 /* Info.plist */,
			);
			path = AlcolatorUITests;
			sourceTree = "<group>";
		};
/* End PBXGroup section */

/* Begin PBXNativeTarget section */
		A73F1BCE1C61696900CC42D8 /* Alcolator */ = {
			isa = PBXNativeTarget;
			buildConfigurationList = A73F1BFC1C61696900CC42D8 /* Build configuration list for PBXNativeTarget "Alcolator" */;
			buildPhases = (
				A73F1BCB1C61696900CC42D8 /* Sources */,
				A73F1BCC1C61696900CC42D8 /* Frameworks */,
				A73F1BCD1C61696900CC42D8 /* Resources */,
			);
			buildRules = (
			);
			dependencies = (
			);
			name = Alcolator;
			productName = Alcolator;
			productReference = A73F1BCF1C61696900CC42D8 /* Alcolator.app */;
			productType = "com.apple.product-type.application";
		};
		A73F1BE71C61696900CC42D8 /* AlcolatorTests */ = {
			isa = PBXNativeTarget;
			buildConfigurationList = A73F1BFF1C61696900CC42D8 /* Build configuration list for PBXNativeTarget "AlcolatorTests" */;
			buildPhases = (
				A73F1BE41C61696900CC42D8 /* Sources */,
				A73F1BE51C61696900CC42D8 /* Frameworks */,
				A73F1BE61C61696900CC42D8 /* Resources */,
			);
			buildRules = (
			);
			dependencies = (
				A73F1BEA1C61696900CC42D8 /* PBXTargetDependency */,
			);
			name = AlcolatorTests;
			productName = AlcolatorTests;
			productReference = A73F1BE81C61696900CC42D8 /* AlcolatorTests.xctest */;
			productType = "com.apple.product-type.bundle.unit-test";
		};
		A73F1BF21C61696900CC42D8 /* AlcolatorUITests */ = {
			isa = PBXNativeTarget;
			buildConfigurationList = A73F1C021C61696900CC42D8 /* Build configuration list for PBXNativeTarget "AlcolatorUITests" */;
			buildPhases = (
				A73F1BEF1C61696900CC42D8 /* Sources */,
				A73F1BF01C61696900CC42D8 /* Frameworks */,
				A73F1BF11C61696900CC42D8 /* Resources */,
			);
			buildRules = (
			);
			dependencies = (
				A73F1BF51C61696900CC42D8 /* PBXTargetDependency */,
			);
			name = AlcolatorUITests;
			productName = AlcolatorUITests;
			productReference = A73F1BF31C61696900CC42D8 /* AlcolatorUITests.xctest */;
			productType = "com.apple.product-type.bundle.ui-testing";
		};
/* End PBXNativeTarget section */

/* Begin PBXProject section */
		A73F1BC71C61696900CC42D8 /* Project object */ = {
			isa = PBXProject;
			attributes = {
				LastUpgradeCheck = 0720;
				ORGANIZATIONNAME = Bloc;
				TargetAttributes = {
					A73F1BCE1C61696900CC42D8 = {
						CreatedOnToolsVersion = 7.2;
					};
					A73F1BE71C61696900CC42D8 = {
						CreatedOnToolsVersion = 7.2;
						TestTargetID = A73F1BCE1C61696900CC42D8;
					};
					A73F1BF21C61696900CC42D8 = {
						CreatedOnToolsVersion = 7.2;
						TestTargetID = A73F1BCE1C61696900CC42D8;
					};
				};
			};
			buildConfigurationList = A73F1BCA1C61696900CC42D8 /* Build configuration list for PBXProject "Alcolator" */;
			compatibilityVersion = "Xcode 3.2";
			developmentRegion = English;
			hasScannedForEncodings = 0;
			knownRegions = (
				en,
				Base,
			);
			mainGroup = A73F1BC61C61696900CC42D8;
			productRefGroup = A73F1BD01C61696900CC42D8 /* Products */;
			projectDirPath = "";
			projectRoot = "";
			targets = (
				A73F1BCE1C61696900CC42D8 /* Alcolator */,
				A73F1BE71C61696900CC42D8 /* AlcolatorTests */,
				A73F1BF21C61696900CC42D8 /* AlcolatorUITests */,
			);
		};
/* End PBXProject section */

/* Begin PBXResourcesBuildPhase section */
		A73F1BCD1C61696900CC42D8 /* Resources */ = {
			isa = PBXResourcesBuildPhase;
			buildActionMask = 2147483647;
			files = (
				A73F1BE21C61696900CC42D8 /* LaunchScreen.storyboard in Resources */,
				A73F1BDF1C61696900CC42D8 /* Assets.xcassets in Resources */,
				A73F1BDD1C61696900CC42D8 /* Main.storyboard in Resources */,
			);
			runOnlyForDeploymentPostprocessing = 0;
		};
		A73F1BE61C61696900CC42D8 /* Resources */ = {
			isa = PBXResourcesBuildPhase;
			buildActionMask = 2147483647;
			files = (
			);
			runOnlyForDeploymentPostprocessing = 0;
		};
		A73F1BF11C61696900CC42D8 /* Resources */ = {
			isa = PBXResourcesBuildPhase;
			buildActionMask = 2147483647;
			files = (
			);
			runOnlyForDeploymentPostprocessing = 0;
		};
/* End PBXResourcesBuildPhase section */

/* Begin PBXSourcesBuildPhase section */
		A73F1BCB1C61696900CC42D8 /* Sources */ = {
			isa = PBXSourcesBuildPhase;
			buildActionMask = 2147483647;
			files = (
				A73F1BDA1C61696900CC42D8 /* ViewController.m in Sources */,
				A75B62381C62E890000D474B /* WhiskeyViewController.m in Sources */,
				A73F1BD71C61696900CC42D8 /* AppDelegate.m in Sources */,
				A73F1BD41C61696900CC42D8 /* main.m in Sources */,
				A75B623B1C63C11A000D474B /* MainMenuViewController.m in Sources */,
			);
			runOnlyForDeploymentPostprocessing = 0;
		};
		A73F1BE41C61696900CC42D8 /* Sources */ = {
			isa = PBXSourcesBuildPhase;
			buildActionMask = 2147483647;
			files = (
				A73F1BED1C61696900CC42D8 /* AlcolatorTests.m in Sources */,
			);
			runOnlyForDeploymentPostprocessing = 0;
		};
		A73F1BEF1C61696900CC42D8 /* Sources */ = {
			isa = PBXSourcesBuildPhase;
			buildActionMask = 2147483647;
			files = (
				A73F1BF81C61696900CC42D8 /* AlcolatorUITests.m in Sources */,
			);
			runOnlyForDeploymentPostprocessing = 0;
		};
/* End PBXSourcesBuildPhase section */

/* Begin PBXTargetDependency section */
		A73F1BEA1C61696900CC42D8 /* PBXTargetDependency */ = {
			isa = PBXTargetDependency;
			target = A73F1BCE1C61696900CC42D8 /* Alcolator */;
			targetProxy = A73F1BE91C61696900CC42D8 /* PBXContainerItemProxy */;
		};
		A73F1BF51C61696900CC42D8 /* PBXTargetDependency */ = {
			isa = PBXTargetDependency;
			target = A73F1BCE1C61696900CC42D8 /* Alcolator */;
			targetProxy = A73F1BF41C61696900CC42D8 /* PBXContainerItemProxy */;
		};
/* End PBXTargetDependency section */

/* Begin PBXVariantGroup section */
		A73F1BDB1C61696900CC42D8 /* Main.storyboard */ = {
			isa = PBXVariantGroup;
			children = (
				A73F1BDC1C61696900CC42D8 /* Base */,
			);
			name = Main.storyboard;
			sourceTree = "<group>";
		};
		A73F1BE01C61696900CC42D8 /* LaunchScreen.storyboard */ = {
			isa = PBXVariantGroup;
			children = (
				A73F1BE11C61696900CC42D8 /* Base */,
			);
			name = LaunchScreen.storyboard;
			sourceTree = "<group>";
		};
/* End PBXVariantGroup section */

/* Begin XCBuildConfiguration section */
		A73F1BFA1C61696900CC42D8 /* Debug */ = {
			isa = XCBuildConfiguration;
			buildSettings = {
				ALWAYS_SEARCH_USER_PATHS = NO;
				CLANG_CXX_LANGUAGE_STANDARD = "gnu++0x";
				CLANG_CXX_LIBRARY = "libc++";
				CLANG_ENABLE_MODULES = YES;
				CLANG_ENABLE_OBJC_ARC = YES;
				CLANG_WARN_BOOL_CONVERSION = YES;
				CLANG_WARN_CONSTANT_CONVERSION = YES;
				CLANG_WARN_DIRECT_OBJC_ISA_USAGE = YES_ERROR;
				CLANG_WARN_EMPTY_BODY = YES;
				CLANG_WARN_ENUM_CONVERSION = YES;
				CLANG_WARN_INT_CONVERSION = YES;
				CLANG_WARN_OBJC_ROOT_CLASS = YES_ERROR;
				CLANG_WARN_UNREACHABLE_CODE = YES;
				CLANG_WARN__DUPLICATE_METHOD_MATCH = YES;
				"CODE_SIGN_IDENTITY[sdk=iphoneos*]" = "iPhone Developer";
				COPY_PHASE_STRIP = NO;
				DEBUG_INFORMATION_FORMAT = dwarf;
				ENABLE_STRICT_OBJC_MSGSEND = YES;
				ENABLE_TESTABILITY = YES;
				GCC_C_LANGUAGE_STANDARD = gnu99;
				GCC_DYNAMIC_NO_PIC = NO;
				GCC_NO_COMMON_BLOCKS = YES;
				GCC_OPTIMIZATION_LEVEL = 0;
				GCC_PREPROCESSOR_DEFINITIONS = (
					"DEBUG=1",
					"$(inherited)",
				);
				GCC_WARN_64_TO_32_BIT_CONVERSION = YES;
				GCC_WARN_ABOUT_RETURN_TYPE = YES_ERROR;
				GCC_WARN_UNDECLARED_SELECTOR = YES;
				GCC_WARN_UNINITIALIZED_AUTOS = YES_AGGRESSIVE;
				GCC_WARN_UNUSED_FUNCTION = YES;
				GCC_WARN_UNUSED_VARIABLE = YES;
				IPHONEOS_DEPLOYMENT_TARGET = 9.2;
				MTL_ENABLE_DEBUG_INFO = YES;
				ONLY_ACTIVE_ARCH = YES;
				SDKROOT = iphoneos;
				TARGETED_DEVICE_FAMILY = "1,2";
			};
			name = Debug;
		};
		A73F1BFB1C61696900CC42D8 /* Release */ = {
			isa = XCBuildConfiguration;
			buildSettings = {
				ALWAYS_SEARCH_USER_PATHS = NO;
				CLANG_CXX_LANGUAGE_STANDARD = "gnu++0x";
				CLANG_CXX_LIBRARY = "libc++";
				CLANG_ENABLE_MODULES = YES;
				CLANG_ENABLE_OBJC_ARC = YES;
				CLANG_WARN_BOOL_CONVERSION = YES;
				CLANG_WARN_CONSTANT_CONVERSION = YES;
				CLANG_WARN_DIRECT_OBJC_ISA_USAGE = YES_ERROR;
				CLANG_WARN_EMPTY_BODY = YES;
				CLANG_WARN_ENUM_CONVERSION = YES;
				CLANG_WARN_INT_CONVERSION = YES;
				CLANG_WARN_OBJC_ROOT_CLASS = YES_ERROR;
				CLANG_WARN_UNREACHABLE_CODE = YES;
				CLANG_WARN__DUPLICATE_METHOD_MATCH = YES;
				"CODE_SIGN_IDENTITY[sdk=iphoneos*]" = "iPhone Developer";
				COPY_PHASE_STRIP = NO;
				DEBUG_INFORMATION_FORMAT = "dwarf-with-dsym";
				ENABLE_NS_ASSERTIONS = NO;
				ENABLE_STRICT_OBJC_MSGSEND = YES;
				GCC_C_LANGUAGE_STANDARD = gnu99;
				GCC_NO_COMMON_BLOCKS = YES;
				GCC_WARN_64_TO_32_BIT_CONVERSION = YES;
				GCC_WARN_ABOUT_RETURN_TYPE = YES_ERROR;
				GCC_WARN_UNDECLARED_SELECTOR = YES;
				GCC_WARN_UNINITIALIZED_AUTOS = YES_AGGRESSIVE;
				GCC_WARN_UNUSED_FUNCTION = YES;
				GCC_WARN_UNUSED_VARIABLE = YES;
				IPHONEOS_DEPLOYMENT_TARGET = 9.2;
				MTL_ENABLE_DEBUG_INFO = NO;
				SDKROOT = iphoneos;
				TARGETED_DEVICE_FAMILY = "1,2";
				VALIDATE_PRODUCT = YES;
			};
			name = Release;
		};
		A73F1BFD1C61696900CC42D8 /* Debug */ = {
			isa = XCBuildConfiguration;
			buildSettings = {
				ASSETCATALOG_COMPILER_APPICON_NAME = AppIcon;
				INFOPLIST_FILE = Alcolator/Info.plist;
				LD_RUNPATH_SEARCH_PATHS = "$(inherited) @executable_path/Frameworks";
				PRODUCT_BUNDLE_IDENTIFIER = com.bloc.Alcolator;
				PRODUCT_NAME = "$(TARGET_NAME)";
			};
			name = Debug;
		};
		A73F1BFE1C61696900CC42D8 /* Release */ = {
			isa = XCBuildConfiguration;
			buildSettings = {
				ASSETCATALOG_COMPILER_APPICON_NAME = AppIcon;
				INFOPLIST_FILE = Alcolator/Info.plist;
				LD_RUNPATH_SEARCH_PATHS = "$(inherited) @executable_path/Frameworks";
				PRODUCT_BUNDLE_IDENTIFIER = com.bloc.Alcolator;
				PRODUCT_NAME = "$(TARGET_NAME)";
			};
			name = Release;
		};
		A73F1C001C61696900CC42D8 /* Debug */ = {
			isa = XCBuildConfiguration;
			buildSettings = {
				BUNDLE_LOADER = "$(TEST_HOST)";
				INFOPLIST_FILE = AlcolatorTests/Info.plist;
				LD_RUNPATH_SEARCH_PATHS = "$(inherited) @executable_path/Frameworks @loader_path/Frameworks";
				PRODUCT_BUNDLE_IDENTIFIER = com.bloc.AlcolatorTests;
				PRODUCT_NAME = "$(TARGET_NAME)";
				TEST_HOST = "$(BUILT_PRODUCTS_DIR)/Alcolator.app/Alcolator";
			};
			name = Debug;
		};
		A73F1C011C61696900CC42D8 /* Release */ = {
			isa = XCBuildConfiguration;
			buildSettings = {
				BUNDLE_LOADER = "$(TEST_HOST)";
				INFOPLIST_FILE = AlcolatorTests/Info.plist;
				LD_RUNPATH_SEARCH_PATHS = "$(inherited) @executable_path/Frameworks @loader_path/Frameworks";
				PRODUCT_BUNDLE_IDENTIFIER = com.bloc.AlcolatorTests;
				PRODUCT_NAME = "$(TARGET_NAME)";
				TEST_HOST = "$(BUILT_PRODUCTS_DIR)/Alcolator.app/Alcolator";
			};
			name = Release;
		};
		A73F1C031C61696900CC42D8 /* Debug */ = {
			isa = XCBuildConfiguration;
			buildSettings = {
				INFOPLIST_FILE = AlcolatorUITests/Info.plist;
				LD_RUNPATH_SEARCH_PATHS = "$(inherited) @executable_path/Frameworks @loader_path/Frameworks";
				PRODUCT_BUNDLE_IDENTIFIER = com.bloc.AlcolatorUITests;
				PRODUCT_NAME = "$(TARGET_NAME)";
				TEST_TARGET_NAME = Alcolator;
				USES_XCTRUNNER = YES;
			};
			name = Debug;
		};
		A73F1C041C61696900CC42D8 /* Release */ = {
			isa = XCBuildConfiguration;
			buildSettings = {
				INFOPLIST_FILE = AlcolatorUITests/Info.plist;
				LD_RUNPATH_SEARCH_PATHS = "$(inherited) @executable_path/Frameworks @loader_path/Frameworks";
				PRODUCT_BUNDLE_IDENTIFIER = com.bloc.AlcolatorUITests;
				PRODUCT_NAME = "$(TARGET_NAME)";
				TEST_TARGET_NAME = Alcolator;
				USES_XCTRUNNER = YES;
			};
			name = Release;
		};
/* End XCBuildConfiguration section */

/* Begin XCConfigurationList section */
		A73F1BCA1C61696900CC42D8 /* Build configuration list for PBXProject "Alcolator" */ = {
			isa = XCConfigurationList;
			buildConfigurations = (
				A73F1BFA1C61696900CC42D8 /* Debug */,
				A73F1BFB1C61696900CC42D8 /* Release */,
			);
			defaultConfigurationIsVisible = 0;
			defaultConfigurationName = Release;
		};
		A73F1BFC1C61696900CC42D8 /* Build configuration list for PBXNativeTarget "Alcolator" */ = {
			isa = XCConfigurationList;
			buildConfigurations = (
				A73F1BFD1C61696900CC42D8 /* Debug */,
				A73F1BFE1C61696900CC42D8 /* Release */,
			);
			defaultConfigurationIsVisible = 0;
			defaultConfigurationName = Release;
		};
		A73F1BFF1C61696900CC42D8 /* Build configuration list for PBXNativeTarget "AlcolatorTests" */ = {
			isa = XCConfigurationList;
			buildConfigurations = (
				A73F1C001C61696900CC42D8 /* Debug */,
				A73F1C011C61696900CC42D8 /* Release */,
			);
			defaultConfigurationIsVisible = 0;
			defaultConfigurationName = Release;
		};
		A73F1C021C61696900CC42D8 /* Build configuration list for PBXNativeTarget "AlcolatorUITests" */ = {
			isa = XCConfigurationList;
			buildConfigurations = (
				A73F1C031C61696900CC42D8 /* Debug */,
				A73F1C041C61696900CC42D8 /* Release */,
			);
			defaultConfigurationIsVisible = 0;
			defaultConfigurationName = Release;
		};
/* End XCConfigurationList section */
	};
	rootObject = A73F1BC71C61696900CC42D8 /* Project object */;
}
